PODS:
  - Nimble (8.0.2)
  - Quick (2.1.0)
  - Source (0.1.0)

DEPENDENCIES:
  - Nimble
  - Quick
  - Source (from `../`)

SPEC REPOS:
  https://github.com/cocoapods/specs.git:
    - Nimble
    - Quick

EXTERNAL SOURCES:
  Source:
    :path: "../"

SPEC CHECKSUMS:
  Nimble: 622629381bda1dd5678162f21f1368cec7cbba60
  Quick: 4be43f6634acfa727dd106bdf3929ce125ffa79d
  Source: f3f3f19ce395c5e811641b1a56a44d1b2062fbe2

PODFILE CHECKSUM: 015feec26d1585d1a876642088205f34385ff02f

COCOAPODS: 1.7.5
