// !$*UTF8*$!
{
	archiveVersion = 1;
	classes = {
	};
	objectVersion = 52;
	objects = {

/* Begin PBXBuildFile section */
		B958A9AD265659ED00837028 /* SupplementaryViewModel.swift in Sources */ = {isa = PBXBuildFile; fileRef = B958A9A1265659EC00837028 /* SupplementaryViewModel.swift */; };
		B958A9AE265659ED00837028 /* ModelCollection.swift in Sources */ = {isa = PBXBuildFile; fileRef = B958A9A2265659EC00837028 /* ModelCollection.swift */; };
		B958A9B0265659ED00837028 /* Configurable.swift in Sources */ = {isa = PBXBuildFile; fileRef = B958A9A4265659EC00837028 /* Configurable.swift */; };
		B958A9B1265659ED00837028 /* Reusable.swift in Sources */ = {isa = PBXBuildFile; fileRef = B958A9A5265659EC00837028 /* Reusable.swift */; };
		B958A9B2265659ED00837028 /* ViewModel.swift in Sources */ = {isa = PBXBuildFile; fileRef = B958A9A6265659EC00837028 /* ViewModel.swift */; };
		B958A9B3265659ED00837028 /* NSDirectionalLayoutEdges+Extensions.swift in Sources */ = {isa = PBXBuildFile; fileRef = B958A9A7265659EC00837028 /* NSDirectionalLayoutEdges+Extensions.swift */; };
		B958A9B4265659ED00837028 /* Section.swift in Sources */ = {isa = PBXBuildFile; fileRef = B958A9A8265659EC00837028 /* Section.swift */; };
		B958A9B5265659ED00837028 /* UITableViewCell+Extensions.swift in Sources */ = {isa = PBXBuildFile; fileRef = B958A9A9265659EC00837028 /* UITableViewCell+Extensions.swift */; };
		B958A9B6265659ED00837028 /* DataSource.swift in Sources */ = {isa = PBXBuildFile; fileRef = B958A9AA265659EC00837028 /* DataSource.swift */; };
		B958A9B7265659ED00837028 /* HeightConfigurable.swift in Sources */ = {isa = PBXBuildFile; fileRef = B958A9AB265659EC00837028 /* HeightConfigurable.swift */; };
		B958A9B8265659ED00837028 /* ConfigurableSupplementaryView.swift in Sources */ = {isa = PBXBuildFile; fileRef = B958A9AC265659EC00837028 /* ConfigurableSupplementaryView.swift */; };
		B9F73F4A23F6EEE9007F4ECA /* SourceTests.swift in Sources */ = {isa = PBXBuildFile; fileRef = B9F73F4923F6EEE9007F4ECA /* SourceTests.swift */; };
		B9F73F4C23F6EEE9007F4ECA /* Source.framework in Frameworks */ = {isa = PBXBuildFile; fileRef = B98072DE22FA4B86004B2674 /* Source.framework */; };
/* End PBXBuildFile section */

/* Begin PBXContainerItemProxy section */
		B9F73F4D23F6EEE9007F4ECA /* PBXContainerItemProxy */ = {
			isa = PBXContainerItemProxy;
			containerPortal = 607FACC81AFB9204008FA782 /* Project object */;
			proxyType = 1;
			remoteGlobalIDString = B98072DD22FA4B86004B2674;
			remoteInfo = Source;
		};
/* End PBXContainerItemProxy section */

/* Begin PBXFileReference section */
		B958A9872656569700837028 /* Package.swift */ = {isa = PBXFileReference; lastKnownFileType = sourcecode.swift; path = Package.swift; sourceTree = "<group>"; };
		B958A99E2656592600837028 /* Info.plist */ = {isa = PBXFileReference; lastKnownFileType = text.plist; name = Info.plist; path = Resources/Info.plist; sourceTree = SOURCE_ROOT; };
		B958A9A1265659EC00837028 /* SupplementaryViewModel.swift */ = {isa = PBXFileReference; fileEncoding = 4; lastKnownFileType = sourcecode.swift; path = SupplementaryViewModel.swift; sourceTree = "<group>"; };
		B958A9A2265659EC00837028 /* ModelCollection.swift */ = {isa = PBXFileReference; fileEncoding = 4; lastKnownFileType = sourcecode.swift; path = ModelCollection.swift; sourceTree = "<group>"; };
		B958A9A4265659EC00837028 /* Configurable.swift */ = {isa = PBXFileReference; fileEncoding = 4; lastKnownFileType = sourcecode.swift; path = Configurable.swift; sourceTree = "<group>"; };
		B958A9A5265659EC00837028 /* Reusable.swift */ = {isa = PBXFileReference; fileEncoding = 4; lastKnownFileType = sourcecode.swift; path = Reusable.swift; sourceTree = "<group>"; };
		B958A9A6265659EC00837028 /* ViewModel.swift */ = {isa = PBXFileReference; fileEncoding = 4; lastKnownFileType = sourcecode.swift; path = ViewModel.swift; sourceTree = "<group>"; };
		B958A9A7265659EC00837028 /* NSDirectionalLayoutEdges+Extensions.swift */ = {isa = PBXFileReference; fileEncoding = 4; lastKnownFileType = sourcecode.swift; path = "NSDirectionalLayoutEdges+Extensions.swift"; sourceTree = "<group>"; };
		B958A9A8265659EC00837028 /* Section.swift */ = {isa = PBXFileReference; fileEncoding = 4; lastKnownFileType = sourcecode.swift; path = Section.swift; sourceTree = "<group>"; };
		B958A9A9265659EC00837028 /* UITableViewCell+Extensions.swift */ = {isa = PBXFileReference; fileEncoding = 4; lastKnownFileType = sourcecode.swift; path = "UITableViewCell+Extensions.swift"; sourceTree = "<group>"; };
		B958A9AA265659EC00837028 /* DataSource.swift */ = {isa = PBXFileReference; fileEncoding = 4; lastKnownFileType = sourcecode.swift; path = DataSource.swift; sourceTree = "<group>"; };
		B958A9AB265659EC00837028 /* HeightConfigurable.swift */ = {isa = PBXFileReference; fileEncoding = 4; lastKnownFileType = sourcecode.swift; path = HeightConfigurable.swift; sourceTree = "<group>"; };
		B958A9AC265659EC00837028 /* ConfigurableSupplementaryView.swift */ = {isa = PBXFileReference; fileEncoding = 4; lastKnownFileType = sourcecode.swift; path = ConfigurableSupplementaryView.swift; sourceTree = "<group>"; };
		B98072D322FA4B64004B2674 /* Source.h */ = {isa = PBXFileReference; lastKnownFileType = sourcecode.c.h; path = Source.h; sourceTree = "<group>"; };
		B98072DE22FA4B86004B2674 /* Source.framework */ = {isa = PBXFileReference; explicitFileType = wrapper.framework; includeInIndex = 0; path = Source.framework; sourceTree = BUILT_PRODUCTS_DIR; };
		B98072E622FA4BE7004B2674 /* Source.podspec */ = {isa = PBXFileReference; fileEncoding = 4; lastKnownFileType = text; path = Source.podspec; sourceTree = "<group>"; };
		B98072E722FA4BE7004B2674 /* AUTHORS */ = {isa = PBXFileReference; fileEncoding = 4; lastKnownFileType = text; path = AUTHORS; sourceTree = "<group>"; };
		B98072E822FA4BE7004B2674 /* CHANGELOG.md */ = {isa = PBXFileReference; fileEncoding = 4; lastKnownFileType = net.daringfireball.markdown; path = CHANGELOG.md; sourceTree = "<group>"; };
		B98072E922FA4BE7004B2674 /* Gemfile */ = {isa = PBXFileReference; fileEncoding = 4; lastKnownFileType = text; path = Gemfile; sourceTree = "<group>"; };
		B98072EA22FA4BE7004B2674 /* README.md */ = {isa = PBXFileReference; fileEncoding = 4; lastKnownFileType = net.daringfireball.markdown; path = README.md; sourceTree = "<group>"; };
		B98072EB22FA4BE7004B2674 /* LICENSE */ = {isa = PBXFileReference; fileEncoding = 4; lastKnownFileType = text; path = LICENSE; sourceTree = "<group>"; };
		B9F73F4723F6EEE9007F4ECA /* SourceTests.xctest */ = {isa = PBXFileReference; explicitFileType = wrapper.cfbundle; includeInIndex = 0; path = SourceTests.xctest; sourceTree = BUILT_PRODUCTS_DIR; };
		B9F73F4923F6EEE9007F4ECA /* SourceTests.swift */ = {isa = PBXFileReference; lastKnownFileType = sourcecode.swift; path = SourceTests.swift; sourceTree = "<group>"; };
		B9F73F4B23F6EEE9007F4ECA /* Info.plist */ = {isa = PBXFileReference; lastKnownFileType = text.plist.xml; path = Info.plist; sourceTree = "<group>"; };
/* End PBXFileReference section */

/* Begin PBXFrameworksBuildPhase section */
		B98072DB22FA4B86004B2674 /* Frameworks */ = {
			isa = PBXFrameworksBuildPhase;
			buildActionMask = 2147483647;
			files = (
			);
			runOnlyForDeploymentPostprocessing = 0;
		};
		B9F73F4423F6EEE9007F4ECA /* Frameworks */ = {
			isa = PBXFrameworksBuildPhase;
			buildActionMask = 2147483647;
			files = (
				B9F73F4C23F6EEE9007F4ECA /* Source.framework in Frameworks */,
			);
			runOnlyForDeploymentPostprocessing = 0;
		};
/* End PBXFrameworksBuildPhase section */

/* Begin PBXGroup section */
		50C6CB11ED31D2FE1747CAA7 /* Frameworks */ = {
			isa = PBXGroup;
			children = (
			);
			name = Frameworks;
			sourceTree = "<group>";
		};
		607FACC71AFB9204008FA782 = {
			isa = PBXGroup;
			children = (
				607FACF51AFB993E008FA782 /* Metadata */,
				B98072D222FA4B64004B2674 /* Source */,
				B9F73F4823F6EEE9007F4ECA /* SourceTests */,
				607FACD11AFB9204008FA782 /* Products */,
				50C6CB11ED31D2FE1747CAA7 /* Frameworks */,
			);
			sourceTree = "<group>";
		};
		607FACD11AFB9204008FA782 /* Products */ = {
			isa = PBXGroup;
			children = (
				B98072DE22FA4B86004B2674 /* Source.framework */,
				B9F73F4723F6EEE9007F4ECA /* SourceTests.xctest */,
			);
			name = Products;
			sourceTree = "<group>";
		};
		607FACF51AFB993E008FA782 /* Metadata */ = {
			isa = PBXGroup;
			children = (
				B98072E722FA4BE7004B2674 /* AUTHORS */,
				B98072E922FA4BE7004B2674 /* Gemfile */,
				B98072EB22FA4BE7004B2674 /* LICENSE */,
				B98072E822FA4BE7004B2674 /* CHANGELOG.md */,
				B98072EA22FA4BE7004B2674 /* README.md */,
				B98072E622FA4BE7004B2674 /* Source.podspec */,
				B958A9872656569700837028 /* Package.swift */,
			);
			name = Metadata;
			sourceTree = "<group>";
		};
		B958A9A0265659EC00837028 /* Source */ = {
			isa = PBXGroup;
			children = (
				B958A9A4265659EC00837028 /* Configurable.swift */,
				B958A9AC265659EC00837028 /* ConfigurableSupplementaryView.swift */,
				B958A9AA265659EC00837028 /* DataSource.swift */,
				B958A9AB265659EC00837028 /* HeightConfigurable.swift */,
				B958A9A2265659EC00837028 /* ModelCollection.swift */,
				B958A9A7265659EC00837028 /* NSDirectionalLayoutEdges+Extensions.swift */,
				B958A9A5265659EC00837028 /* Reusable.swift */,
				B958A9A8265659EC00837028 /* Section.swift */,
				B958A9A1265659EC00837028 /* SupplementaryViewModel.swift */,
				B958A9A9265659EC00837028 /* UITableViewCell+Extensions.swift */,
				B958A9A6265659EC00837028 /* ViewModel.swift */,
			);
			name = Source;
			sourceTree = "<group>";
		};
		B98072D222FA4B64004B2674 /* Source */ = {
			isa = PBXGroup;
			children = (
				B98072D322FA4B64004B2674 /* Source.h */,
				B958A99E2656592600837028 /* Info.plist */,
				B958A9A0265659EC00837028 /* Source */,
			);
			path = Source;
			sourceTree = "<group>";
		};
		B9F73F4823F6EEE9007F4ECA /* SourceTests */ = {
			isa = PBXGroup;
			children = (
				B9F73F4923F6EEE9007F4ECA /* SourceTests.swift */,
				B9F73F4B23F6EEE9007F4ECA /* Info.plist */,
			);
			path = SourceTests;
			sourceTree = "<group>";
		};
/* End PBXGroup section */

/* Begin PBXHeadersBuildPhase section */
		B98072D922FA4B86004B2674 /* Headers */ = {
			isa = PBXHeadersBuildPhase;
			buildActionMask = 2147483647;
			files = (
			);
			runOnlyForDeploymentPostprocessing = 0;
		};
/* End PBXHeadersBuildPhase section */

/* Begin PBXNativeTarget section */
		B98072DD22FA4B86004B2674 /* Source */ = {
			isa = PBXNativeTarget;
			buildConfigurationList = B98072E322FA4B86004B2674 /* Build configuration list for PBXNativeTarget "Source" */;
			buildPhases = (
				B98072D922FA4B86004B2674 /* Headers */,
				B98072DA22FA4B86004B2674 /* Sources */,
				B98072DB22FA4B86004B2674 /* Frameworks */,
				B98072DC22FA4B86004B2674 /* Resources */,
			);
			buildRules = (
			);
			dependencies = (
			);
			name = Source;
			productName = Source;
			productReference = B98072DE22FA4B86004B2674 /* Source.framework */;
			productType = "com.apple.product-type.framework";
		};
		B9F73F4623F6EEE9007F4ECA /* SourceTests */ = {
			isa = PBXNativeTarget;
			buildConfigurationList = B9F73F4F23F6EEE9007F4ECA /* Build configuration list for PBXNativeTarget "SourceTests" */;
			buildPhases = (
				B9F73F4323F6EEE9007F4ECA /* Sources */,
				B9F73F4423F6EEE9007F4ECA /* Frameworks */,
				B9F73F4523F6EEE9007F4ECA /* Resources */,
			);
			buildRules = (
			);
			dependencies = (
				B9F73F4E23F6EEE9007F4ECA /* PBXTargetDependency */,
			);
			name = SourceTests;
			productName = SourceTests;
			productReference = B9F73F4723F6EEE9007F4ECA /* SourceTests.xctest */;
			productType = "com.apple.product-type.bundle.unit-test";
		};
/* End PBXNativeTarget section */

/* Begin PBXProject section */
		607FACC81AFB9204008FA782 /* Project object */ = {
			isa = PBXProject;
			attributes = {
				LastSwiftUpdateCheck = 1140;
				LastUpgradeCheck = 1250;
				ORGANIZATIONNAME = "Stefan Herold";
				TargetAttributes = {
					B98072DD22FA4B86004B2674 = {
						CreatedOnToolsVersion = 11.0;
					};
					B9F73F4623F6EEE9007F4ECA = {
						CreatedOnToolsVersion = 11.4;
					};
				};
			};
			buildConfigurationList = 607FACCB1AFB9204008FA782 /* Build configuration list for PBXProject "Source" */;
			compatibilityVersion = "Xcode 11.0";
			developmentRegion = en;
			hasScannedForEncodings = 0;
			knownRegions = (
				en,
				Base,
			);
			mainGroup = 607FACC71AFB9204008FA782;
			productRefGroup = 607FACD11AFB9204008FA782 /* Products */;
			projectDirPath = "";
			projectRoot = "";
			targets = (
				B98072DD22FA4B86004B2674 /* Source */,
				B9F73F4623F6EEE9007F4ECA /* SourceTests */,
			);
		};
/* End PBXProject section */

/* Begin PBXResourcesBuildPhase section */
		B98072DC22FA4B86004B2674 /* Resources */ = {
			isa = PBXResourcesBuildPhase;
			buildActionMask = 2147483647;
			files = (
			);
			runOnlyForDeploymentPostprocessing = 0;
		};
		B9F73F4523F6EEE9007F4ECA /* Resources */ = {
			isa = PBXResourcesBuildPhase;
			buildActionMask = 2147483647;
			files = (
			);
			runOnlyForDeploymentPostprocessing = 0;
		};
/* End PBXResourcesBuildPhase section */

/* Begin PBXSourcesBuildPhase section */
		B98072DA22FA4B86004B2674 /* Sources */ = {
			isa = PBXSourcesBuildPhase;
			buildActionMask = 2147483647;
			files = (
				B958A9B2265659ED00837028 /* ViewModel.swift in Sources */,
				B958A9B1265659ED00837028 /* Reusable.swift in Sources */,
				B958A9B3265659ED00837028 /* NSDirectionalLayoutEdges+Extensions.swift in Sources */,
				B958A9B6265659ED00837028 /* DataSource.swift in Sources */,
				B958A9B4265659ED00837028 /* Section.swift in Sources */,
				B958A9B0265659ED00837028 /* Configurable.swift in Sources */,
				B958A9AD265659ED00837028 /* SupplementaryViewModel.swift in Sources */,
				B958A9B5265659ED00837028 /* UITableViewCell+Extensions.swift in Sources */,
				B958A9AE265659ED00837028 /* ModelCollection.swift in Sources */,
				B958A9B8265659ED00837028 /* ConfigurableSupplementaryView.swift in Sources */,
				B958A9B7265659ED00837028 /* HeightConfigurable.swift in Sources */,
			);
			runOnlyForDeploymentPostprocessing = 0;
		};
		B9F73F4323F6EEE9007F4ECA /* Sources */ = {
			isa = PBXSourcesBuildPhase;
			buildActionMask = 2147483647;
			files = (
				B9F73F4A23F6EEE9007F4ECA /* SourceTests.swift in Sources */,
			);
			runOnlyForDeploymentPostprocessing = 0;
		};
/* End PBXSourcesBuildPhase section */

/* Begin PBXTargetDependency section */
		B9F73F4E23F6EEE9007F4ECA /* PBXTargetDependency */ = {
			isa = PBXTargetDependency;
			target = B98072DD22FA4B86004B2674 /* Source */;
			targetProxy = B9F73F4D23F6EEE9007F4ECA /* PBXContainerItemProxy */;
		};
/* End PBXTargetDependency section */

/* Begin XCBuildConfiguration section */
		607FACED1AFB9204008FA782 /* Debug */ = {
			isa = XCBuildConfiguration;
			buildSettings = {
				ALWAYS_SEARCH_USER_PATHS = NO;
				CLANG_ANALYZER_LOCALIZABILITY_NONLOCALIZED = YES;
				CLANG_ENABLE_MODULES = YES;
				CLANG_ENABLE_OBJC_ARC = YES;
				CLANG_WARN_BLOCK_CAPTURE_AUTORELEASING = YES;
				CLANG_WARN_BOOL_CONVERSION = YES;
				CLANG_WARN_COMMA = YES;
				CLANG_WARN_CONSTANT_CONVERSION = YES;
				CLANG_WARN_DEPRECATED_OBJC_IMPLEMENTATIONS = YES;
				CLANG_WARN_DIRECT_OBJC_ISA_USAGE = YES_ERROR;
				CLANG_WARN_EMPTY_BODY = YES;
				CLANG_WARN_ENUM_CONVERSION = YES;
				CLANG_WARN_INFINITE_RECURSION = YES;
				CLANG_WARN_INT_CONVERSION = YES;
				CLANG_WARN_NON_LITERAL_NULL_CONVERSION = YES;
				CLANG_WARN_OBJC_IMPLICIT_RETAIN_SELF = YES;
				CLANG_WARN_OBJC_LITERAL_CONVERSION = YES;
				CLANG_WARN_OBJC_ROOT_CLASS = YES_ERROR;
				CLANG_WARN_QUOTED_INCLUDE_IN_FRAMEWORK_HEADER = YES;
				CLANG_WARN_RANGE_LOOP_ANALYSIS = YES;
				CLANG_WARN_STRICT_PROTOTYPES = YES;
				CLANG_WARN_SUSPICIOUS_MOVE = YES;
				CLANG_WARN_UNREACHABLE_CODE = YES;
				CLANG_WARN__DUPLICATE_METHOD_MATCH = YES;
				"CODE_SIGN_IDENTITY[sdk=iphoneos*]" = "iPhone Developer";
				COPY_PHASE_STRIP = NO;
				DEBUG_INFORMATION_FORMAT = "dwarf-with-dsym";
				ENABLE_STRICT_OBJC_MSGSEND = YES;
				ENABLE_TESTABILITY = YES;
				GCC_C_LANGUAGE_STANDARD = gnu99;
				GCC_DYNAMIC_NO_PIC = NO;
				GCC_NO_COMMON_BLOCKS = YES;
				GCC_OPTIMIZATION_LEVEL = 0;
				GCC_PREPROCESSOR_DEFINITIONS = (
					"DEBUG=1",
					"$(inherited)",
				);
				GCC_SYMBOLS_PRIVATE_EXTERN = NO;
				GCC_WARN_64_TO_32_BIT_CONVERSION = YES;
				GCC_WARN_ABOUT_RETURN_TYPE = YES_ERROR;
				GCC_WARN_UNDECLARED_SELECTOR = YES;
				GCC_WARN_UNINITIALIZED_AUTOS = YES_AGGRESSIVE;
				GCC_WARN_UNUSED_FUNCTION = YES;
				GCC_WARN_UNUSED_VARIABLE = YES;
				IPHONEOS_DEPLOYMENT_TARGET = 11.0;
				MTL_ENABLE_DEBUG_INFO = YES;
				ONLY_ACTIVE_ARCH = YES;
				SDKROOT = iphoneos;
				SWIFT_OPTIMIZATION_LEVEL = "-Onone";
			};
			name = Debug;
		};
		607FACEE1AFB9204008FA782 /* Release */ = {
			isa = XCBuildConfiguration;
			buildSettings = {
				ALWAYS_SEARCH_USER_PATHS = NO;
				CLANG_ANALYZER_LOCALIZABILITY_NONLOCALIZED = YES;
				CLANG_ENABLE_MODULES = YES;
				CLANG_ENABLE_OBJC_ARC = YES;
				CLANG_WARN_BLOCK_CAPTURE_AUTORELEASING = YES;
				CLANG_WARN_BOOL_CONVERSION = YES;
				CLANG_WARN_COMMA = YES;
				CLANG_WARN_CONSTANT_CONVERSION = YES;
				CLANG_WARN_DEPRECATED_OBJC_IMPLEMENTATIONS = YES;
				CLANG_WARN_DIRECT_OBJC_ISA_USAGE = YES_ERROR;
				CLANG_WARN_EMPTY_BODY = YES;
				CLANG_WARN_ENUM_CONVERSION = YES;
				CLANG_WARN_INFINITE_RECURSION = YES;
				CLANG_WARN_INT_CONVERSION = YES;
				CLANG_WARN_NON_LITERAL_NULL_CONVERSION = YES;
				CLANG_WARN_OBJC_IMPLICIT_RETAIN_SELF = YES;
				CLANG_WARN_OBJC_LITERAL_CONVERSION = YES;
				CLANG_WARN_OBJC_ROOT_CLASS = YES_ERROR;
				CLANG_WARN_QUOTED_INCLUDE_IN_FRAMEWORK_HEADER = YES;
				CLANG_WARN_RANGE_LOOP_ANALYSIS = YES;
				CLANG_WARN_STRICT_PROTOTYPES = YES;
				CLANG_WARN_SUSPICIOUS_MOVE = YES;
				CLANG_WARN_UNREACHABLE_CODE = YES;
				CLANG_WARN__DUPLICATE_METHOD_MATCH = YES;
				"CODE_SIGN_IDENTITY[sdk=iphoneos*]" = "iPhone Developer";
				COPY_PHASE_STRIP = NO;
				DEBUG_INFORMATION_FORMAT = "dwarf-with-dsym";
				ENABLE_NS_ASSERTIONS = NO;
				ENABLE_STRICT_OBJC_MSGSEND = YES;
				GCC_C_LANGUAGE_STANDARD = gnu99;
				GCC_NO_COMMON_BLOCKS = YES;
				GCC_WARN_64_TO_32_BIT_CONVERSION = YES;
				GCC_WARN_ABOUT_RETURN_TYPE = YES_ERROR;
				GCC_WARN_UNDECLARED_SELECTOR = YES;
				GCC_WARN_UNINITIALIZED_AUTOS = YES_AGGRESSIVE;
				GCC_WARN_UNUSED_FUNCTION = YES;
				GCC_WARN_UNUSED_VARIABLE = YES;
				IPHONEOS_DEPLOYMENT_TARGET = 11.0;
				MTL_ENABLE_DEBUG_INFO = NO;
				SDKROOT = iphoneos;
				SWIFT_COMPILATION_MODE = wholemodule;
				SWIFT_OPTIMIZATION_LEVEL = "-O";
				VALIDATE_PRODUCT = YES;
			};
			name = Release;
		};
		B98072E422FA4B86004B2674 /* Debug */ = {
			isa = XCBuildConfiguration;
			buildSettings = {
				CLANG_ANALYZER_NONNULL = YES;
				CLANG_ANALYZER_NUMBER_OBJECT_CONVERSION = YES_AGGRESSIVE;
				CLANG_ENABLE_OBJC_WEAK = YES;
				CLANG_WARN_DOCUMENTATION_COMMENTS = YES;
				CLANG_WARN_UNGUARDED_AVAILABILITY = YES_AGGRESSIVE;
				CODE_SIGN_STYLE = Automatic;
				CURRENT_PROJECT_VERSION = 24;
				DEBUG_INFORMATION_FORMAT = dwarf;
				DEFINES_MODULE = YES;
				DYLIB_COMPATIBILITY_VERSION = 1;
				DYLIB_CURRENT_VERSION = 24;
				DYLIB_INSTALL_NAME_BASE = "@rpath";
				GCC_C_LANGUAGE_STANDARD = gnu11;
				INFOPLIST_FILE = Resources/Info.plist;
				INSTALL_PATH = "$(LOCAL_LIBRARY_DIR)/Frameworks";
				LD_RUNPATH_SEARCH_PATHS = (
					"$(inherited)",
					"@executable_path/Frameworks",
					"@loader_path/Frameworks",
				);
				MTL_ENABLE_DEBUG_INFO = INCLUDE_SOURCE;
				MTL_FAST_MATH = YES;
				PRODUCT_BUNDLE_IDENTIFIER = com.stherold.Source;
				PRODUCT_NAME = "$(TARGET_NAME:c99extidentifier)";
				SKIP_INSTALL = YES;
				SWIFT_ACTIVE_COMPILATION_CONDITIONS = DEBUG;
				SWIFT_VERSION = 5.0;
				TARGETED_DEVICE_FAMILY = "1,2";
				VERSIONING_SYSTEM = "apple-generic";
				VERSION_INFO_PREFIX = "";
			};
			name = Debug;
		};
		B98072E522FA4B86004B2674 /* Release */ = {
			isa = XCBuildConfiguration;
			buildSettings = {
				BUILD_LIBRARY_FOR_DISTRIBUTION = YES;
				CLANG_ANALYZER_NONNULL = YES;
				CLANG_ANALYZER_NUMBER_OBJECT_CONVERSION = YES_AGGRESSIVE;
				CLANG_ENABLE_OBJC_WEAK = YES;
				CLANG_WARN_DOCUMENTATION_COMMENTS = YES;
				CLANG_WARN_UNGUARDED_AVAILABILITY = YES_AGGRESSIVE;
				CODE_SIGN_STYLE = Automatic;
				CURRENT_PROJECT_VERSION = 24;
				DEFINES_MODULE = YES;
				DYLIB_COMPATIBILITY_VERSION = 1;
				DYLIB_CURRENT_VERSION = 24;
				DYLIB_INSTALL_NAME_BASE = "@rpath";
				GCC_C_LANGUAGE_STANDARD = gnu11;
				INFOPLIST_FILE = Resources/Info.plist;
				INSTALL_PATH = "$(LOCAL_LIBRARY_DIR)/Frameworks";
				LD_RUNPATH_SEARCH_PATHS = (
					"$(inherited)",
					"@executable_path/Frameworks",
					"@loader_path/Frameworks",
				);
				MTL_FAST_MATH = YES;
				PRODUCT_BUNDLE_IDENTIFIER = com.stherold.Source;
				PRODUCT_NAME = "$(TARGET_NAME:c99extidentifier)";
				SKIP_INSTALL = NO;
				SWIFT_VERSION = 5.0;
				TARGETED_DEVICE_FAMILY = "1,2";
				VERSIONING_SYSTEM = "apple-generic";
				VERSION_INFO_PREFIX = "";
			};
			name = Release;
		};
		B9F73F5023F6EEE9007F4ECA /* Debug */ = {
			isa = XCBuildConfiguration;
			buildSettings = {
				ALWAYS_EMBED_SWIFT_STANDARD_LIBRARIES = YES;
				CLANG_ANALYZER_NONNULL = YES;
				CLANG_ANALYZER_NUMBER_OBJECT_CONVERSION = YES_AGGRESSIVE;
				CLANG_CXX_LANGUAGE_STANDARD = "gnu++14";
				CLANG_ENABLE_OBJC_WEAK = YES;
				CLANG_WARN_DOCUMENTATION_COMMENTS = YES;
				CLANG_WARN_UNGUARDED_AVAILABILITY = YES_AGGRESSIVE;
				CODE_SIGN_STYLE = Automatic;
				DEBUG_INFORMATION_FORMAT = dwarf;
				DEVELOPMENT_TEAM = 4CZM4Q8JY8;
				GCC_C_LANGUAGE_STANDARD = gnu11;
				INFOPLIST_FILE = SourceTests/Info.plist;
				IPHONEOS_DEPLOYMENT_TARGET = 13.4;
				LD_RUNPATH_SEARCH_PATHS = (
					"$(inherited)",
					"@executable_path/Frameworks",
					"@loader_path/Frameworks",
				);
				MTL_ENABLE_DEBUG_INFO = INCLUDE_SOURCE;
				MTL_FAST_MATH = YES;
				PRODUCT_BUNDLE_IDENTIFIER = com.stherold.SourceTests;
				PRODUCT_NAME = "$(TARGET_NAME)";
				SWIFT_ACTIVE_COMPILATION_CONDITIONS = DEBUG;
				SWIFT_VERSION = 5.0;
				TARGETED_DEVICE_FAMILY = "1,2";
			};
			name = Debug;
		};
		B9F73F5123F6EEE9007F4ECA /* Release */ = {
			isa = XCBuildConfiguration;
			buildSettings = {
				ALWAYS_EMBED_SWIFT_STANDARD_LIBRARIES = YES;
				CLANG_ANALYZER_NONNULL = YES;
				CLANG_ANALYZER_NUMBER_OBJECT_CONVERSION = YES_AGGRESSIVE;
				CLANG_CXX_LANGUAGE_STANDARD = "gnu++14";
				CLANG_ENABLE_OBJC_WEAK = YES;
				CLANG_WARN_DOCUMENTATION_COMMENTS = YES;
				CLANG_WARN_UNGUARDED_AVAILABILITY = YES_AGGRESSIVE;
				CODE_SIGN_STYLE = Automatic;
				DEVELOPMENT_TEAM = 4CZM4Q8JY8;
				GCC_C_LANGUAGE_STANDARD = gnu11;
				INFOPLIST_FILE = SourceTests/Info.plist;
				IPHONEOS_DEPLOYMENT_TARGET = 13.4;
				LD_RUNPATH_SEARCH_PATHS = (
					"$(inherited)",
					"@executable_path/Frameworks",
					"@loader_path/Frameworks",
				);
				MTL_FAST_MATH = YES;
				PRODUCT_BUNDLE_IDENTIFIER = com.stherold.SourceTests;
				PRODUCT_NAME = "$(TARGET_NAME)";
				SWIFT_VERSION = 5.0;
				TARGETED_DEVICE_FAMILY = "1,2";
			};
			name = Release;
		};
/* End XCBuildConfiguration section */

/* Begin XCConfigurationList section */
		607FACCB1AFB9204008FA782 /* Build configuration list for PBXProject "Source" */ = {
			isa = XCConfigurationList;
			buildConfigurations = (
				607FACED1AFB9204008FA782 /* Debug */,
				607FACEE1AFB9204008FA782 /* Release */,
			);
			defaultConfigurationIsVisible = 0;
			defaultConfigurationName = Release;
		};
		B98072E322FA4B86004B2674 /* Build configuration list for PBXNativeTarget "Source" */ = {
			isa = XCConfigurationList;
			buildConfigurations = (
				B98072E422FA4B86004B2674 /* Debug */,
				B98072E522FA4B86004B2674 /* Release */,
			);
			defaultConfigurationIsVisible = 0;
			defaultConfigurationName = Release;
		};
		B9F73F4F23F6EEE9007F4ECA /* Build configuration list for PBXNativeTarget "SourceTests" */ = {
			isa = XCConfigurationList;
			buildConfigurations = (
				B9F73F5023F6EEE9007F4ECA /* Debug */,
				B9F73F5123F6EEE9007F4ECA /* Release */,
			);
			defaultConfigurationIsVisible = 0;
			defaultConfigurationName = Release;
		};
/* End XCConfigurationList section */
	};
	rootObject = 607FACC81AFB9204008FA782 /* Project object */;
}
