// !$*UTF8*$!
{
	archiveVersion = 1;
	classes = {
	};
	objectVersion = 48;
	objects = {

/* Begin PBXBuildFile section */
		B93260A31F251DD900175FDD /* AppDelegate.swift in Sources */ = {isa = PBXBuildFile; fileRef = B93260A21F251DD900175FDD /* AppDelegate.swift */; };
		B93260A51F251DD900175FDD /* MultiSectionViewController.swift in Sources */ = {isa = PBXBuildFile; fileRef = B93260A41F251DD900175FDD /* MultiSectionViewController.swift */; };
		B93260A81F251DD900175FDD /* Main.storyboard in Resources */ = {isa = PBXBuildFile; fileRef = B93260A61F251DD900175FDD /* Main.storyboard */; };
		B93260AA1F251DD900175FDD /* Assets.xcassets in Resources */ = {isa = PBXBuildFile; fileRef = B93260A91F251DD900175FDD /* Assets.xcassets */; };
		B93260AD1F251DD900175FDD /* LaunchScreen.storyboard in Resources */ = {isa = PBXBuildFile; fileRef = B93260AB1F251DD900175FDD /* LaunchScreen.storyboard */; };
		B939818E1F27ACAD00A259DA /* MyDisclosureCell.swift in Sources */ = {isa = PBXBuildFile; fileRef = B939818D1F27ABEA00A259DA /* MyDisclosureCell.swift */; };
		B93981961F28911800A259DA /* SimpleExampleViewController.swift in Sources */ = {isa = PBXBuildFile; fileRef = B93981951F28911500A259DA /* SimpleExampleViewController.swift */; };
		B939819A1F2891D800A259DA /* Extensions.swift in Sources */ = {isa = PBXBuildFile; fileRef = B93981991F2891D800A259DA /* Extensions.swift */; };
		B98BA3AA1F255C67003971A4 /* Sourcery.framework in Frameworks */ = {isa = PBXBuildFile; fileRef = B98BA3A91F255C67003971A4 /* Sourcery.framework */; };
		B98BA3AB1F255C67003971A4 /* Sourcery.framework in Embed Frameworks */ = {isa = PBXBuildFile; fileRef = B98BA3A91F255C67003971A4 /* Sourcery.framework */; settings = {ATTRIBUTES = (CodeSignOnCopy, RemoveHeadersOnCopy, ); }; };
		B98D9C931F27A961002B3819 /* SingleSectionViewController.swift in Sources */ = {isa = PBXBuildFile; fileRef = B98D9C921F27A8A9002B3819 /* SingleSectionViewController.swift */; };
		B9B786F41F2667E000AE4609 /* MySection.swift in Sources */ = {isa = PBXBuildFile; fileRef = B9B786F31F2667E000AE4609 /* MySection.swift */; };
		B9B786F61F26686600AE4609 /* MyItem.swift in Sources */ = {isa = PBXBuildFile; fileRef = B9B786F51F26686600AE4609 /* MyItem.swift */; };
		B9B786F81F266C6500AE4609 /* MyConfigurableCell.swift in Sources */ = {isa = PBXBuildFile; fileRef = B9B786F71F266C6500AE4609 /* MyConfigurableCell.swift */; };
/* End PBXBuildFile section */

/* Begin PBXCopyFilesBuildPhase section */
		B93260B71F2532F700175FDD /* Embed Frameworks */ = {
			isa = PBXCopyFilesBuildPhase;
			buildActionMask = 2147483647;
			dstPath = "";
			dstSubfolderSpec = 10;
			files = (
				B98BA3AB1F255C67003971A4 /* Sourcery.framework in Embed Frameworks */,
			);
			name = "Embed Frameworks";
			runOnlyForDeploymentPostprocessing = 0;
		};
/* End PBXCopyFilesBuildPhase section */

/* Begin PBXFileReference section */
		B932609F1F251DD900175FDD /* iOS Example.app */ = {isa = PBXFileReference; explicitFileType = wrapper.application; includeInIndex = 0; path = "iOS Example.app"; sourceTree = BUILT_PRODUCTS_DIR; };
		B93260A21F251DD900175FDD /* AppDelegate.swift */ = {isa = PBXFileReference; lastKnownFileType = sourcecode.swift; path = AppDelegate.swift; sourceTree = "<group>"; };
		B93260A41F251DD900175FDD /* MultiSectionViewController.swift */ = {isa = PBXFileReference; lastKnownFileType = sourcecode.swift; path = MultiSectionViewController.swift; sourceTree = "<group>"; };
		B93260A71F251DD900175FDD /* Base */ = {isa = PBXFileReference; lastKnownFileType = file.storyboard; name = Base; path = Base.lproj/Main.storyboard; sourceTree = "<group>"; };
		B93260A91F251DD900175FDD /* Assets.xcassets */ = {isa = PBXFileReference; lastKnownFileType = folder.assetcatalog; path = Assets.xcassets; sourceTree = "<group>"; };
		B93260AC1F251DD900175FDD /* Base */ = {isa = PBXFileReference; lastKnownFileType = file.storyboard; name = Base; path = Base.lproj/LaunchScreen.storyboard; sourceTree = "<group>"; };
		B93260AE1F251DD900175FDD /* Info.plist */ = {isa = PBXFileReference; lastKnownFileType = text.plist.xml; path = Info.plist; sourceTree = "<group>"; };
		B939818D1F27ABEA00A259DA /* MyDisclosureCell.swift */ = {isa = PBXFileReference; lastKnownFileType = sourcecode.swift; path = MyDisclosureCell.swift; sourceTree = "<group>"; };
		B93981951F28911500A259DA /* SimpleExampleViewController.swift */ = {isa = PBXFileReference; lastKnownFileType = sourcecode.swift; path = SimpleExampleViewController.swift; sourceTree = "<group>"; };
		B93981991F2891D800A259DA /* Extensions.swift */ = {isa = PBXFileReference; lastKnownFileType = sourcecode.swift; path = Extensions.swift; sourceTree = "<group>"; };
		B98BA3A91F255C67003971A4 /* Sourcery.framework */ = {isa = PBXFileReference; explicitFileType = wrapper.framework; path = Sourcery.framework; sourceTree = BUILT_PRODUCTS_DIR; };
		B98D9C921F27A8A9002B3819 /* SingleSectionViewController.swift */ = {isa = PBXFileReference; lastKnownFileType = sourcecode.swift; path = SingleSectionViewController.swift; sourceTree = "<group>"; };
		B9B786F31F2667E000AE4609 /* MySection.swift */ = {isa = PBXFileReference; lastKnownFileType = sourcecode.swift; path = MySection.swift; sourceTree = "<group>"; };
		B9B786F51F26686600AE4609 /* MyItem.swift */ = {isa = PBXFileReference; lastKnownFileType = sourcecode.swift; path = MyItem.swift; sourceTree = "<group>"; };
		B9B786F71F266C6500AE4609 /* MyConfigurableCell.swift */ = {isa = PBXFileReference; lastKnownFileType = sourcecode.swift; path = MyConfigurableCell.swift; sourceTree = "<group>"; };
/* End PBXFileReference section */

/* Begin PBXFrameworksBuildPhase section */
		B932609C1F251DD900175FDD /* Frameworks */ = {
			isa = PBXFrameworksBuildPhase;
			buildActionMask = 2147483647;
			files = (
				B98BA3AA1F255C67003971A4 /* Sourcery.framework in Frameworks */,
			);
			runOnlyForDeploymentPostprocessing = 0;
		};
/* End PBXFrameworksBuildPhase section */

/* Begin PBXGroup section */
		B93260961F251DD900175FDD = {
			isa = PBXGroup;
			children = (
				B98BA3A91F255C67003971A4 /* Sourcery.framework */,
				B93260A11F251DD900175FDD /* iOS Example */,
				B93260A01F251DD900175FDD /* Products */,
			);
			sourceTree = "<group>";
		};
		B93260A01F251DD900175FDD /* Products */ = {
			isa = PBXGroup;
			children = (
				B932609F1F251DD900175FDD /* iOS Example.app */,
			);
			name = Products;
			sourceTree = "<group>";
		};
		B93260A11F251DD900175FDD /* iOS Example */ = {
			isa = PBXGroup;
			children = (
				B93260AE1F251DD900175FDD /* Info.plist */,
				B93260A21F251DD900175FDD /* AppDelegate.swift */,
				B93981991F2891D800A259DA /* Extensions.swift */,
				B9B786F71F266C6500AE4609 /* MyConfigurableCell.swift */,
				B939818D1F27ABEA00A259DA /* MyDisclosureCell.swift */,
				B9B786F51F26686600AE4609 /* MyItem.swift */,
				B9B786F31F2667E000AE4609 /* MySection.swift */,
				B93260A91F251DD900175FDD /* Assets.xcassets */,
				B93260AB1F251DD900175FDD /* LaunchScreen.storyboard */,
				B93260A61F251DD900175FDD /* Main.storyboard */,
				B939819B1F2896F300A259DA /* ViewControllers */,
			);
			path = "iOS Example";
			sourceTree = "<group>";
		};
		B939819B1F2896F300A259DA /* ViewControllers */ = {
			isa = PBXGroup;
			children = (
				B93260A41F251DD900175FDD /* MultiSectionViewController.swift */,
				B93981951F28911500A259DA /* SimpleExampleViewController.swift */,
				B98D9C921F27A8A9002B3819 /* SingleSectionViewController.swift */,
			);
			path = ViewControllers;
			sourceTree = "<group>";
		};
/* End PBXGroup section */

/* Begin PBXNativeTarget section */
		B932609E1F251DD900175FDD /* iOS Example */ = {
			isa = PBXNativeTarget;
			buildConfigurationList = B93260B11F251DD900175FDD /* Build configuration list for PBXNativeTarget "iOS Example" */;
			buildPhases = (
				B932609B1F251DD900175FDD /* Sources */,
				B932609C1F251DD900175FDD /* Frameworks */,
				B932609D1F251DD900175FDD /* Resources */,
				B93260B71F2532F700175FDD /* Embed Frameworks */,
			);
			buildRules = (
			);
			dependencies = (
			);
			name = "iOS Example";
			productName = "iOS Example";
			productReference = B932609F1F251DD900175FDD /* iOS Example.app */;
			productType = "com.apple.product-type.application";
		};
/* End PBXNativeTarget section */

/* Begin PBXProject section */
		B93260971F251DD900175FDD /* Project object */ = {
			isa = PBXProject;
			attributes = {
				LastSwiftUpdateCheck = 0900;
				LastUpgradeCheck = 0900;
				ORGANIZATIONNAME = CodingCobra;
				TargetAttributes = {
					B932609E1F251DD900175FDD = {
						CreatedOnToolsVersion = 9.0;
					};
				};
			};
			buildConfigurationList = B932609A1F251DD900175FDD /* Build configuration list for PBXProject "iOS Example" */;
			compatibilityVersion = "Xcode 8.0";
			developmentRegion = en;
			hasScannedForEncodings = 0;
			knownRegions = (
				en,
				Base,
			);
			mainGroup = B93260961F251DD900175FDD;
			productRefGroup = B93260A01F251DD900175FDD /* Products */;
			projectDirPath = "";
			projectRoot = "";
			targets = (
				B932609E1F251DD900175FDD /* iOS Example */,
			);
		};
/* End PBXProject section */

/* Begin PBXResourcesBuildPhase section */
		B932609D1F251DD900175FDD /* Resources */ = {
			isa = PBXResourcesBuildPhase;
			buildActionMask = 2147483647;
			files = (
				B93260AD1F251DD900175FDD /* LaunchScreen.storyboard in Resources */,
				B93260AA1F251DD900175FDD /* Assets.xcassets in Resources */,
				B93260A81F251DD900175FDD /* Main.storyboard in Resources */,
			);
			runOnlyForDeploymentPostprocessing = 0;
		};
/* End PBXResourcesBuildPhase section */

/* Begin PBXSourcesBuildPhase section */
		B932609B1F251DD900175FDD /* Sources */ = {
			isa = PBXSourcesBuildPhase;
			buildActionMask = 2147483647;
			files = (
				B98D9C931F27A961002B3819 /* SingleSectionViewController.swift in Sources */,
				B939819A1F2891D800A259DA /* Extensions.swift in Sources */,
				B9B786F81F266C6500AE4609 /* MyConfigurableCell.swift in Sources */,
				B9B786F61F26686600AE4609 /* MyItem.swift in Sources */,
				B93981961F28911800A259DA /* SimpleExampleViewController.swift in Sources */,
				B93260A51F251DD900175FDD /* MultiSectionViewController.swift in Sources */,
				B939818E1F27ACAD00A259DA /* MyDisclosureCell.swift in Sources */,
				B93260A31F251DD900175FDD /* AppDelegate.swift in Sources */,
				B9B786F41F2667E000AE4609 /* MySection.swift in Sources */,
			);
			runOnlyForDeploymentPostprocessing = 0;
		};
/* End PBXSourcesBuildPhase section */

/* Begin PBXVariantGroup section */
		B93260A61F251DD900175FDD /* Main.storyboard */ = {
			isa = PBXVariantGroup;
			children = (
				B93260A71F251DD900175FDD /* Base */,
			);
			name = Main.storyboard;
			sourceTree = "<group>";
		};
		B93260AB1F251DD900175FDD /* LaunchScreen.storyboard */ = {
			isa = PBXVariantGroup;
			children = (
				B93260AC1F251DD900175FDD /* Base */,
			);
			name = LaunchScreen.storyboard;
			sourceTree = "<group>";
		};
/* End PBXVariantGroup section */

/* Begin XCBuildConfiguration section */
		B93260AF1F251DD900175FDD /* Debug */ = {
			isa = XCBuildConfiguration;
			buildSettings = {
				ALWAYS_SEARCH_USER_PATHS = NO;
				CLANG_ANALYZER_NONNULL = YES;
				CLANG_ANALYZER_NUMBER_OBJECT_CONVERSION = YES_AGGRESSIVE;
				CLANG_CXX_LANGUAGE_STANDARD = "gnu++14";
				CLANG_CXX_LIBRARY = "libc++";
				CLANG_ENABLE_MODULES = YES;
				CLANG_ENABLE_OBJC_ARC = YES;
				CLANG_WARN_BLOCK_CAPTURE_AUTORELEASING = YES;
				CLANG_WARN_BOOL_CONVERSION = YES;
				CLANG_WARN_COMMA = YES;
				CLANG_WARN_CONSTANT_CONVERSION = YES;
				CLANG_WARN_DIRECT_OBJC_ISA_USAGE = YES_ERROR;
				CLANG_WARN_DOCUMENTATION_COMMENTS = YES;
				CLANG_WARN_EMPTY_BODY = YES;
				CLANG_WARN_ENUM_CONVERSION = YES;
				CLANG_WARN_INFINITE_RECURSION = YES;
				CLANG_WARN_INT_CONVERSION = YES;
				CLANG_WARN_NON_LITERAL_NULL_CONVERSION = YES;
				CLANG_WARN_OBJC_LITERAL_CONVERSION = YES;
				CLANG_WARN_OBJC_ROOT_CLASS = YES_ERROR;
				CLANG_WARN_RANGE_LOOP_ANALYSIS = YES;
				CLANG_WARN_STRICT_PROTOTYPES = YES;
				CLANG_WARN_SUSPICIOUS_MOVE = YES;
				CLANG_WARN_UNGUARDED_AVAILABILITY = YES_AGGRESSIVE;
				CLANG_WARN_UNREACHABLE_CODE = YES;
				CLANG_WARN__DUPLICATE_METHOD_MATCH = YES;
				CODE_SIGN_IDENTITY = "iPhone Developer";
				COPY_PHASE_STRIP = NO;
				DEBUG_INFORMATION_FORMAT = dwarf;
				ENABLE_STRICT_OBJC_MSGSEND = YES;
				ENABLE_TESTABILITY = YES;
				GCC_C_LANGUAGE_STANDARD = gnu11;
				GCC_DYNAMIC_NO_PIC = NO;
				GCC_NO_COMMON_BLOCKS = YES;
				GCC_OPTIMIZATION_LEVEL = 0;
				GCC_PREPROCESSOR_DEFINITIONS = (
					"DEBUG=1",
					"$(inherited)",
				);
				GCC_WARN_64_TO_32_BIT_CONVERSION = YES;
				GCC_WARN_ABOUT_RETURN_TYPE = YES_ERROR;
				GCC_WARN_UNDECLARED_SELECTOR = YES;
				GCC_WARN_UNINITIALIZED_AUTOS = YES_AGGRESSIVE;
				GCC_WARN_UNUSED_FUNCTION = YES;
				GCC_WARN_UNUSED_VARIABLE = YES;
				IPHONEOS_DEPLOYMENT_TARGET = 11.0;
				MTL_ENABLE_DEBUG_INFO = YES;
				ONLY_ACTIVE_ARCH = YES;
				SDKROOT = iphoneos;
				SWIFT_ACTIVE_COMPILATION_CONDITIONS = DEBUG;
				SWIFT_OPTIMIZATION_LEVEL = "-Onone";
			};
			name = Debug;
		};
		B93260B01F251DD900175FDD /* Release */ = {
			isa = XCBuildConfiguration;
			buildSettings = {
				ALWAYS_SEARCH_USER_PATHS = NO;
				CLANG_ANALYZER_NONNULL = YES;
				CLANG_ANALYZER_NUMBER_OBJECT_CONVERSION = YES_AGGRESSIVE;
				CLANG_CXX_LANGUAGE_STANDARD = "gnu++14";
				CLANG_CXX_LIBRARY = "libc++";
				CLANG_ENABLE_MODULES = YES;
				CLANG_ENABLE_OBJC_ARC = YES;
				CLANG_WARN_BLOCK_CAPTURE_AUTORELEASING = YES;
				CLANG_WARN_BOOL_CONVERSION = YES;
				CLANG_WARN_COMMA = YES;
				CLANG_WARN_CONSTANT_CONVERSION = YES;
				CLANG_WARN_DIRECT_OBJC_ISA_USAGE = YES_ERROR;
				CLANG_WARN_DOCUMENTATION_COMMENTS = YES;
				CLANG_WARN_EMPTY_BODY = YES;
				CLANG_WARN_ENUM_CONVERSION = YES;
				CLANG_WARN_INFINITE_RECURSION = YES;
				CLANG_WARN_INT_CONVERSION = YES;
				CLANG_WARN_NON_LITERAL_NULL_CONVERSION = YES;
				CLANG_WARN_OBJC_LITERAL_CONVERSION = YES;
				CLANG_WARN_OBJC_ROOT_CLASS = YES_ERROR;
				CLANG_WARN_RANGE_LOOP_ANALYSIS = YES;
				CLANG_WARN_STRICT_PROTOTYPES = YES;
				CLANG_WARN_SUSPICIOUS_MOVE = YES;
				CLANG_WARN_UNGUARDED_AVAILABILITY = YES_AGGRESSIVE;
				CLANG_WARN_UNREACHABLE_CODE = YES;
				CLANG_WARN__DUPLICATE_METHOD_MATCH = YES;
				CODE_SIGN_IDENTITY = "iPhone Developer";
				COPY_PHASE_STRIP = NO;
				DEBUG_INFORMATION_FORMAT = "dwarf-with-dsym";
				ENABLE_NS_ASSERTIONS = NO;
				ENABLE_STRICT_OBJC_MSGSEND = YES;
				GCC_C_LANGUAGE_STANDARD = gnu11;
				GCC_NO_COMMON_BLOCKS = YES;
				GCC_WARN_64_TO_32_BIT_CONVERSION = YES;
				GCC_WARN_ABOUT_RETURN_TYPE = YES_ERROR;
				GCC_WARN_UNDECLARED_SELECTOR = YES;
				GCC_WARN_UNINITIALIZED_AUTOS = YES_AGGRESSIVE;
				GCC_WARN_UNUSED_FUNCTION = YES;
				GCC_WARN_UNUSED_VARIABLE = YES;
				IPHONEOS_DEPLOYMENT_TARGET = 11.0;
				MTL_ENABLE_DEBUG_INFO = NO;
				SDKROOT = iphoneos;
				SWIFT_OPTIMIZATION_LEVEL = "-Owholemodule";
				VALIDATE_PRODUCT = YES;
			};
			name = Release;
		};
		B93260B21F251DD900175FDD /* Debug */ = {
			isa = XCBuildConfiguration;
			buildSettings = {
				ASSETCATALOG_COMPILER_APPICON_NAME = AppIcon;
				DEVELOPMENT_TEAM = 4CZM4Q8JY8;
				INFOPLIST_FILE = "iOS Example/Info.plist";
				LD_RUNPATH_SEARCH_PATHS = "$(inherited) @executable_path/Frameworks";
				PRODUCT_BUNDLE_IDENTIFIER = "com.codingcobra.iOS-Example";
				PRODUCT_NAME = "$(TARGET_NAME)";
				SWIFT_VERSION = 4.0;
				TARGETED_DEVICE_FAMILY = "1,2";
			};
			name = Debug;
		};
		B93260B31F251DD900175FDD /* Release */ = {
			isa = XCBuildConfiguration;
			buildSettings = {
				ASSETCATALOG_COMPILER_APPICON_NAME = AppIcon;
				DEVELOPMENT_TEAM = 4CZM4Q8JY8;
				INFOPLIST_FILE = "iOS Example/Info.plist";
				LD_RUNPATH_SEARCH_PATHS = "$(inherited) @executable_path/Frameworks";
				PRODUCT_BUNDLE_IDENTIFIER = "com.codingcobra.iOS-Example";
				PRODUCT_NAME = "$(TARGET_NAME)";
				SWIFT_VERSION = 4.0;
				TARGETED_DEVICE_FAMILY = "1,2";
			};
			name = Release;
		};
/* End XCBuildConfiguration section */

/* Begin XCConfigurationList section */
		B932609A1F251DD900175FDD /* Build configuration list for PBXProject "iOS Example" */ = {
			isa = XCConfigurationList;
			buildConfigurations = (
				B93260AF1F251DD900175FDD /* Debug */,
				B93260B01F251DD900175FDD /* Release */,
			);
			defaultConfigurationIsVisible = 0;
			defaultConfigurationName = Release;
		};
		B93260B11F251DD900175FDD /* Build configuration list for PBXNativeTarget "iOS Example" */ = {
			isa = XCConfigurationList;
			buildConfigurations = (
				B93260B21F251DD900175FDD /* Debug */,
				B93260B31F251DD900175FDD /* Release */,
			);
			defaultConfigurationIsVisible = 0;
			defaultConfigurationName = Release;
		};
/* End XCConfigurationList section */
	};
	rootObject = B93260971F251DD900175FDD /* Project object */;
}
